
Microsoft Visual Studio Solution File, Format Version 12.00
# Visual Studio Version 17
VisualStudioVersion = 17.0.31903.59
MinimumVisualStudioVersion = 10.0.40219.1
Project("{2150E333-8FDC-42A3-9474-1A3956D46DE8}") = "src", "src", "{827E0CD3-B72D-47B6-A68D-7590B98EB39B}"
EndProject
Project("{2150E333-8FDC-42A3-9474-1A3956D46DE8}") = "Domain", "Domain", "{8B290487-4C16-E85E-E807-F579CBE9FC4D}"
EndProject
Project("{FAE04EC0-301F-11D3-BF4B-00C04F79EFBC}") = "PortfolioFila.Domain", "src\Domain\PortfolioFila.Domain.csproj", "{DC51C536-7A54-4415-9531-9C7774579DB8}"
EndProject
Project("{FAE04EC0-301F-11D3-BF4B-00C04F79EFBC}") = "PortfolioFila.Application", "src\Application\PortfolioFila.Application.csproj", "{5000CB7D-10CA-4618-8955-C0DCD8F1EBAB}"
EndProject
Project("{FAE04EC0-301F-11D3-BF4B-00C04F79EFBC}") = "PortfolioFila.Infrastructure", "src\Infrastructure\PortfolioFila.Infrastructure.csproj", "{767E41C6-EFBD-41F1-A76A-C3B87CFD09DC}"
EndProject
Project("{FAE04EC0-301F-11D3-BF4B-00C04F79EFBC}") = "PortfolioFila.API", "src\API\PortfolioFila.API.csproj", "{BAA85CE0-0A75-4B62-B991-4C69B7155420}"
EndProject
Project("{FAE04EC0-301F-11D3-BF4B-00C04F79EFBC}") = "PortfolioFila.Worker", "src\Worker\PortfolioFila.Worker.csproj", "{E6B7D43C-8EC5-436C-B1FD-56494FAA5825}"
EndProject
Project("{FAE04EC0-301F-11D3-BF4B-00C04F79EFBC}") = "PortfolioFila.Domain.Tests", "tests\Domain.Tests\PortfolioFila.Domain.Tests.csproj", "{4AF0198A-F007-4E4E-A97E-2E7E2D65222A}"
EndProject
Project("{FAE04EC0-301F-11D3-BF4B-00C04F79EFBC}") = "PortfolioFila.Application.Tests", "tests\Application.Tests\PortfolioFila.Application.Tests.csproj", "{5A9B83C2-2F2B-496F-937C-5D3E8E6EADDF}"
EndProject
Global
	GlobalSection(SolutionConfigurationPlatforms) = preSolution
		Debug|Any CPU = Debug|Any CPU
		Debug|x64 = Debug|x64
		Debug|x86 = Debug|x86
		Release|Any CPU = Release|Any CPU
		Release|x64 = Release|x64
		Release|x86 = Release|x86
	EndGlobalSection
	GlobalSection(ProjectConfigurationPlatforms) = postSolution
		{DC51C536-7A54-4415-9531-9C7774579DB8}.Debug|Any CPU.ActiveCfg = Debug|Any CPU
		{DC51C536-7A54-4415-9531-9C7774579DB8}.Debug|Any CPU.Build.0 = Debug|Any CPU
		{DC51C536-7A54-4415-9531-9C7774579DB8}.Debug|x64.ActiveCfg = Debug|Any CPU
		{DC51C536-7A54-4415-9531-9C7774579DB8}.Debug|x64.Build.0 = Debug|Any CPU
		{DC51C536-7A54-4415-9531-9C7774579DB8}.Debug|x86.ActiveCfg = Debug|Any CPU
		{DC51C536-7A54-4415-9531-9C7774579DB8}.Debug|x86.Build.0 = Debug|Any CPU
		{DC51C536-7A54-4415-9531-9C7774579DB8}.Release|Any CPU.ActiveCfg = Release|Any CPU
		{DC51C536-7A54-4415-9531-9C7774579DB8}.Release|Any CPU.Build.0 = Release|Any CPU
		{DC51C536-7A54-4415-9531-9C7774579DB8}.Release|x64.ActiveCfg = Release|Any CPU
		{DC51C536-7A54-4415-9531-9C7774579DB8}.Release|x64.Build.0 = Release|Any CPU
		{DC51C536-7A54-4415-9531-9C7774579DB8}.Release|x86.ActiveCfg = Release|Any CPU
		{DC51C536-7A54-4415-9531-9C7774579DB8}.Release|x86.Build.0 = Release|Any CPU
		{5000CB7D-10CA-4618-8955-C0DCD8F1EBAB}.Debug|Any CPU.ActiveCfg = Debug|Any CPU
		{5000CB7D-10CA-4618-8955-C0DCD8F1EBAB}.Debug|Any CPU.Build.0 = Debug|Any CPU
		{5000CB7D-10CA-4618-8955-C0DCD8F1EBAB}.Debug|x64.ActiveCfg = Debug|Any CPU
		{5000CB7D-10CA-4618-8955-C0DCD8F1EBAB}.Debug|x64.Build.0 = Debug|Any CPU
		{5000CB7D-10CA-4618-8955-C0DCD8F1EBAB}.Debug|x86.ActiveCfg = Debug|Any CPU
		{5000CB7D-10CA-4618-8955-C0DCD8F1EBAB}.Debug|x86.Build.0 = Debug|Any CPU
		{5000CB7D-10CA-4618-8955-C0DCD8F1EBAB}.Release|Any CPU.ActiveCfg = Release|Any CPU
		{5000CB7D-10CA-4618-8955-C0DCD8F1EBAB}.Release|Any CPU.Build.0 = Release|Any CPU
		{5000CB7D-10CA-4618-8955-C0DCD8F1EBAB}.Release|x64.ActiveCfg = Release|Any CPU
		{5000CB7D-10CA-4618-8955-C0DCD8F1EBAB}.Release|x64.Build.0 = Release|Any CPU
		{5000CB7D-10CA-4618-8955-C0DCD8F1EBAB}.Release|x86.ActiveCfg = Release|Any CPU
		{5000CB7D-10CA-4618-8955-C0DCD8F1EBAB}.Release|x86.Build.0 = Release|Any CPU
		{767E41C6-EFBD-41F1-A76A-C3B87CFD09DC}.Debug|Any CPU.ActiveCfg = Debug|Any CPU
		{767E41C6-EFBD-41F1-A76A-C3B87CFD09DC}.Debug|Any CPU.Build.0 = Debug|Any CPU
		{767E41C6-EFBD-41F1-A76A-C3B87CFD09DC}.Debug|x64.ActiveCfg = Debug|Any CPU
		{767E41C6-EFBD-41F1-A76A-C3B87CFD09DC}.Debug|x64.Build.0 = Debug|Any CPU
		{767E41C6-EFBD-41F1-A76A-C3B87CFD09DC}.Debug|x86.ActiveCfg = Debug|Any CPU
		{767E41C6-EFBD-41F1-A76A-C3B87CFD09DC}.Debug|x86.Build.0 = Debug|Any CPU
		{767E41C6-EFBD-41F1-A76A-C3B87CFD09DC}.Release|Any CPU.ActiveCfg = Release|Any CPU
		{767E41C6-EFBD-41F1-A76A-C3B87CFD09DC}.Release|Any CPU.Build.0 = Release|Any CPU
		{767E41C6-EFBD-41F1-A76A-C3B87CFD09DC}.Release|x64.ActiveCfg = Release|Any CPU
		{767E41C6-EFBD-41F1-A76A-C3B87CFD09DC}.Release|x64.Build.0 = Release|Any CPU
		{767E41C6-EFBD-41F1-A76A-C3B87CFD09DC}.Release|x86.ActiveCfg = Release|Any CPU
		{767E41C6-EFBD-41F1-A76A-C3B87CFD09DC}.Release|x86.Build.0 = Release|Any CPU
		{BAA85CE0-0A75-4B62-B991-4C69B7155420}.Debug|Any CPU.ActiveCfg = Debug|Any CPU
		{BAA85CE0-0A75-4B62-B991-4C69B7155420}.Debug|Any CPU.Build.0 = Debug|Any CPU
		{BAA85CE0-0A75-4B62-B991-4C69B7155420}.Debug|x64.ActiveCfg = Debug|Any CPU
		{BAA85CE0-0A75-4B62-B991-4C69B7155420}.Debug|x64.Build.0 = Debug|Any CPU
		{BAA85CE0-0A75-4B62-B991-4C69B7155420}.Debug|x86.ActiveCfg = Debug|Any CPU
		{BAA85CE0-0A75-4B62-B991-4C69B7155420}.Debug|x86.Build.0 = Debug|Any CPU
		{BAA85CE0-0A75-4B62-B991-4C69B7155420}.Release|Any CPU.ActiveCfg = Release|Any CPU
		{BAA85CE0-0A75-4B62-B991-4C69B7155420}.Release|Any CPU.Build.0 = Release|Any CPU
		{BAA85CE0-0A75-4B62-B991-4C69B7155420}.Release|x64.ActiveCfg = Release|Any CPU
		{BAA85CE0-0A75-4B62-B991-4C69B7155420}.Release|x64.Build.0 = Release|Any CPU
		{BAA85CE0-0A75-4B62-B991-4C69B7155420}.Release|x86.ActiveCfg = Release|Any CPU
		{BAA85CE0-0A75-4B62-B991-4C69B7155420}.Release|x86.Build.0 = Release|Any CPU
		{E6B7D43C-8EC5-436C-B1FD-56494FAA5825}.Debug|Any CPU.ActiveCfg = Debug|Any CPU
		{E6B7D43C-8EC5-436C-B1FD-56494FAA5825}.Debug|Any CPU.Build.0 = Debug|Any CPU
		{E6B7D43C-8EC5-436C-B1FD-56494FAA5825}.Debug|x64.ActiveCfg = Debug|Any CPU
		{E6B7D43C-8EC5-436C-B1FD-56494FAA5825}.Debug|x64.Build.0 = Debug|Any CPU
		{E6B7D43C-8EC5-436C-B1FD-56494FAA5825}.Debug|x86.ActiveCfg = Debug|Any CPU
		{E6B7D43C-8EC5-436C-B1FD-56494FAA5825}.Debug|x86.Build.0 = Debug|Any CPU
		{E6B7D43C-8EC5-436C-B1FD-56494FAA5825}.Release|Any CPU.ActiveCfg = Release|Any CPU
		{E6B7D43C-8EC5-436C-B1FD-56494FAA5825}.Release|Any CPU.Build.0 = Release|Any CPU
		{E6B7D43C-8EC5-436C-B1FD-56494FAA5825}.Release|x64.ActiveCfg = Release|Any CPU
		{E6B7D43C-8EC5-436C-B1FD-56494FAA5825}.Release|x64.Build.0 = Release|Any CPU
		{E6B7D43C-8EC5-436C-B1FD-56494FAA5825}.Release|x86.ActiveCfg = Release|Any CPU
		{E6B7D43C-8EC5-436C-B1FD-56494FAA5825}.Release|x86.Build.0 = Release|Any CPU
		{4AF0198A-F007-4E4E-A97E-2E7E2D65222A}.Debug|Any CPU.ActiveCfg = Debug|Any CPU
		{4AF0198A-F007-4E4E-A97E-2E7E2D65222A}.Debug|Any CPU.Build.0 = Debug|Any CPU
		{4AF0198A-F007-4E4E-A97E-2E7E2D65222A}.Debug|x64.ActiveCfg = Debug|Any CPU
		{4AF0198A-F007-4E4E-A97E-2E7E2D65222A}.Debug|x64.Build.0 = Debug|Any CPU
		{4AF0198A-F007-4E4E-A97E-2E7E2D65222A}.Debug|x86.ActiveCfg = Debug|Any CPU
		{4AF0198A-F007-4E4E-A97E-2E7E2D65222A}.Debug|x86.Build.0 = Debug|Any CPU
		{4AF0198A-F007-4E4E-A97E-2E7E2D65222A}.Release|Any CPU.ActiveCfg = Release|Any CPU
		{4AF0198A-F007-4E4E-A97E-2E7E2D65222A}.Release|Any CPU.Build.0 = Release|Any CPU
		{4AF0198A-F007-4E4E-A97E-2E7E2D65222A}.Release|x64.ActiveCfg = Release|Any CPU
		{4AF0198A-F007-4E4E-A97E-2E7E2D65222A}.Release|x64.Build.0 = Release|Any CPU
		{4AF0198A-F007-4E4E-A97E-2E7E2D65222A}.Release|x86.ActiveCfg = Release|Any CPU
		{4AF0198A-F007-4E4E-A97E-2E7E2D65222A}.Release|x86.Build.0 = Release|Any CPU
		{5A9B83C2-2F2B-496F-937C-5D3E8E6EADDF}.Debug|Any CPU.ActiveCfg = Debug|Any CPU
		{5A9B83C2-2F2B-496F-937C-5D3E8E6EADDF}.Debug|Any CPU.Build.0 = Debug|Any CPU
		{5A9B83C2-2F2B-496F-937C-5D3E8E6EADDF}.Debug|x64.ActiveCfg = Debug|Any CPU
		{5A9B83C2-2F2B-496F-937C-5D3E8E6EADDF}.Debug|x64.Build.0 = Debug|Any CPU
		{5A9B83C2-2F2B-496F-937C-5D3E8E6EADDF}.Debug|x86.ActiveCfg = Debug|Any CPU
		{5A9B83C2-2F2B-496F-937C-5D3E8E6EADDF}.Debug|x86.Build.0 = Debug|Any CPU
		{5A9B83C2-2F2B-496F-937C-5D3E8E6EADDF}.Release|Any CPU.ActiveCfg = Release|Any CPU
		{5A9B83C2-2F2B-496F-937C-5D3E8E6EADDF}.Release|Any CPU.Build.0 = Release|Any CPU
		{5A9B83C2-2F2B-496F-937C-5D3E8E6EADDF}.Release|x64.ActiveCfg = Release|Any CPU
		{5A9B83C2-2F2B-496F-937C-5D3E8E6EADDF}.Release|x64.Build.0 = Release|Any CPU
		{5A9B83C2-2F2B-496F-937C-5D3E8E6EADDF}.Release|x86.ActiveCfg = Release|Any CPU
		{5A9B83C2-2F2B-496F-937C-5D3E8E6EADDF}.Release|x86.Build.0 = Release|Any CPU
	EndGlobalSection
	GlobalSection(SolutionProperties) = preSolution
		HideSolutionNode = FALSE
	EndGlobalSection
	GlobalSection(NestedProjects) = preSolution
		{8B290487-4C16-E85E-E807-F579CBE9FC4D} = {827E0CD3-B72D-47B6-A68D-7590B98EB39B}
		{DC51C536-7A54-4415-9531-9C7774579DB8} = {8B290487-4C16-E85E-E807-F579CBE9FC4D}
		{5000CB7D-10CA-4618-8955-C0DCD8F1EBAB} = {8B290487-4C16-E85E-E807-F579CBE9FC4D}
		{767E41C6-EFBD-41F1-A76A-C3B87CFD09DC} = {8B290487-4C16-E85E-E807-F579CBE9FC4D}
		{BAA85CE0-0A75-4B62-B991-4C69B7155420} = {8B290487-4C16-E85E-E807-F579CBE9FC4D}
		{E6B7D43C-8EC5-436C-B1FD-56494FAA5825} = {8B290487-4C16-E85E-E807-F579CBE9FC4D}
		{4AF0198A-F007-4E4E-A97E-2E7E2D65222A} = {8B290487-4C16-E85E-E807-F579CBE9FC4D}
		{5A9B83C2-2F2B-496F-937C-5D3E8E6EADDF} = {8B290487-4C16-E85E-E807-F579CBE9FC4D}
	EndGlobalSection
EndGlobal
